Microsoft Visual Studio Solution File, Format Version 12.00
# Visual Studio Version 17
VisualStudioVersion = 17.5.2.0
MinimumVisualStudioVersion = 10.0.40219.1
Project("{FAE04EC0-301F-11D3-BF4B-00C04F79EFBC}") = "CleanupFunctionApp", "CleanupFunctionApp.csproj", "{899AA7F2-508F-C36E-E99C-B52904438BA7}"
EndProject
Global
	GlobalSection(SolutionConfigurationPlatforms) = preSolution
		Debug|Any CPU = Debug|Any CPU
		Release|Any CPU = Release|Any CPU
	EndGlobalSection
	GlobalSection(ProjectConfigurationPlatforms) = postSolution
		{899AA7F2-508F-C36E-E99C-B52904438BA7}.Debug|Any CPU.ActiveCfg = Debug|Any CPU
		{899AA7F2-508F-C36E-E99C-B52904438BA7}.Debug|Any CPU.Build.0 = Debug|Any CPU
		{899AA7F2-508F-C36E-E99C-B52904438BA7}.Release|Any CPU.ActiveCfg = Release|Any CPU
		{899AA7F2-508F-C36E-E99C-B52904438BA7}.Release|Any CPU.Build.0 = Release|Any CPU
	EndGlobalSection
	GlobalSection(SolutionProperties) = preSolution
		HideSolutionNode = FALSE
	EndGlobalSection
	GlobalSection(ExtensibilityGlobals) = postSolution
		SolutionGuid = {8B145E30-075F-4417-923E-ED825F202BE1}
	EndGlobalSection
EndGlobal
